
Microsoft Visual Studio Solution File, Format Version 10.00
# Visual Studio 2008
Project("{FAE04EC0-301F-11D3-BF4B-00C04F79EFBC}") = "4chanscraper", "4chanscraper\4chanscraper.csproj", "{240311FA-00E6-4E5A-8B6A-E23DB7FD1654}"
EndProject
Global
	GlobalSection(SolutionConfigurationPlatforms) = preSolution
		Debug|Any CPU = Debug|Any CPU
		Release|Any CPU = Release|Any CPU
	EndGlobalSection
	GlobalSection(ProjectConfigurationPlatforms) = postSolution
		{240311FA-00E6-4E5A-8B6A-E23DB7FD1654}.Debug|Any CPU.ActiveCfg = Debug|Any CPU
		{240311FA-00E6-4E5A-8B6A-E23DB7FD1654}.Debug|Any CPU.Build.0 = Debug|Any CPU
		{240311FA-00E6-4E5A-8B6A-E23DB7FD1654}.Release|Any CPU.ActiveCfg = Release|Any CPU
		{240311FA-00E6-4E5A-8B6A-E23DB7FD1654}.Release|Any CPU.Build.0 = Release|Any CPU
	EndGlobalSection
	GlobalSection(SolutionProperties) = preSolution
		HideSolutionNode = FALSE
	EndGlobalSection
	GlobalSection(ExtensibilityGlobals) = postSolution
		VisualSVNWorkingCopyRoot = .
	EndGlobalSection
EndGlobal
